
Microsoft Visual Studio Solution File, Format Version 12.00
# Visual Studio 15
VisualStudioVersion = 15.0.28307.421
MinimumVisualStudioVersion = 10.0.40219.1
Project("{FAE04EC0-301F-11D3-BF4B-00C04F79EFBC}") = "DataBaseControl", "DataBaseControl\DataBaseControl.csproj", "{EAB3856D-A30A-49D5-A02A-69D423FCA973}"
EndProject
Project("{FAE04EC0-301F-11D3-BF4B-00C04F79EFBC}") = "UI", "UI\UI.csproj", "{76854E35-9F9D-41BC-93AE-74CF761957EF}"
EndProject
Global
	GlobalSection(SolutionConfigurationPlatforms) = preSolution
		Debug|Any CPU = Debug|Any CPU
		Release|Any CPU = Release|Any CPU
	EndGlobalSection
	GlobalSection(ProjectConfigurationPlatforms) = postSolution
		{EAB3856D-A30A-49D5-A02A-69D423FCA973}.Debug|Any CPU.ActiveCfg = Debug|Any CPU
		{EAB3856D-A30A-49D5-A02A-69D423FCA973}.Debug|Any CPU.Build.0 = Debug|Any CPU
		{EAB3856D-A30A-49D5-A02A-69D423FCA973}.Release|Any CPU.ActiveCfg = Release|Any CPU
		{EAB3856D-A30A-49D5-A02A-69D423FCA973}.Release|Any CPU.Build.0 = Release|Any CPU
		{76854E35-9F9D-41BC-93AE-74CF761957EF}.Debug|Any CPU.ActiveCfg = Debug|Any CPU
		{76854E35-9F9D-41BC-93AE-74CF761957EF}.Debug|Any CPU.Build.0 = Debug|Any CPU
		{76854E35-9F9D-41BC-93AE-74CF761957EF}.Release|Any CPU.ActiveCfg = Release|Any CPU
		{76854E35-9F9D-41BC-93AE-74CF761957EF}.Release|Any CPU.Build.0 = Release|Any CPU
	EndGlobalSection
	GlobalSection(SolutionProperties) = preSolution
		HideSolutionNode = FALSE
	EndGlobalSection
	GlobalSection(ExtensibilityGlobals) = postSolution
		SolutionGuid = {2702230E-722C-457F-ACD7-21E4C8C6AEA1}
	EndGlobalSection
EndGlobal
